
Microsoft Visual Studio Solution File, Format Version 12.00
# Visual Studio Version 16
VisualStudioVersion = 16.0.30523.141
MinimumVisualStudioVersion = 10.0.40219.1
Project("{FAE04EC0-301F-11D3-BF4B-00C04F79EFBC}") = "PCB_Drawing_Tool", "PCB_Drawing_Tool\PCB_Drawing_Tool.csproj", "{4DAA8EDF-7F04-4CE9-AE96-D2FFFA7B088F}"
EndProject
Global
	GlobalSection(SolutionConfigurationPlatforms) = preSolution
		Debug|Any CPU = Debug|Any CPU
		Release|Any CPU = Release|Any CPU
	EndGlobalSection
	GlobalSection(ProjectConfigurationPlatforms) = postSolution
		{4DAA8EDF-7F04-4CE9-AE96-D2FFFA7B088F}.Debug|Any CPU.ActiveCfg = Debug|Any CPU
		{4DAA8EDF-7F04-4CE9-AE96-D2FFFA7B088F}.Debug|Any CPU.Build.0 = Debug|Any CPU
		{4DAA8EDF-7F04-4CE9-AE96-D2FFFA7B088F}.Release|Any CPU.ActiveCfg = Release|Any CPU
		{4DAA8EDF-7F04-4CE9-AE96-D2FFFA7B088F}.Release|Any CPU.Build.0 = Release|Any CPU
	EndGlobalSection
	GlobalSection(SolutionProperties) = preSolution
		HideSolutionNode = FALSE
	EndGlobalSection
	GlobalSection(ExtensibilityGlobals) = postSolution
		SolutionGuid = {22F03A62-B461-40FC-8653-6A2BF336C2DE}
	EndGlobalSection
EndGlobal
